
Microsoft Visual Studio Solution File, Format Version 12.00
# Visual Studio Version 17
VisualStudioVersion = 17.5.33530.505
MinimumVisualStudioVersion = 10.0.40219.1
Project("{FAE04EC0-301F-11D3-BF4B-00C04F79EFBC}") = "Vente_Tickets", "Vente_Tickets\Vente_Tickets.csproj", "{04ED906D-1E43-4D1E-8C86-3D290BD84B21}"
EndProject
Global
	GlobalSection(SolutionConfigurationPlatforms) = preSolution
		Debug|Any CPU = Debug|Any CPU
		Release|Any CPU = Release|Any CPU
	EndGlobalSection
	GlobalSection(ProjectConfigurationPlatforms) = postSolution
		{04ED906D-1E43-4D1E-8C86-3D290BD84B21}.Debug|Any CPU.ActiveCfg = Debug|Any CPU
		{04ED906D-1E43-4D1E-8C86-3D290BD84B21}.Debug|Any CPU.Build.0 = Debug|Any CPU
		{04ED906D-1E43-4D1E-8C86-3D290BD84B21}.Release|Any CPU.ActiveCfg = Release|Any CPU
		{04ED906D-1E43-4D1E-8C86-3D290BD84B21}.Release|Any CPU.Build.0 = Release|Any CPU
	EndGlobalSection
	GlobalSection(SolutionProperties) = preSolution
		HideSolutionNode = FALSE
	EndGlobalSection
	GlobalSection(ExtensibilityGlobals) = postSolution
		SolutionGuid = {479FD919-843C-42D7-86D5-6D0028F354CE}
	EndGlobalSection
EndGlobal
